
Microsoft Visual Studio Solution File, Format Version 12.00
# Visual Studio Version 17
VisualStudioVersion = 17.14.36518.9
MinimumVisualStudioVersion = 10.0.40219.1
Project("{2150E333-8FDC-42A3-9474-1A3956D46DE8}") = "src", "src", "{02EA681E-C7D8-13C7-8484-4AC65E1B71E8}"
EndProject
Project("{2150E333-8FDC-42A3-9474-1A3956D46DE8}") = "Core", "Core", "{F5ECC739-3C60-4018-A558-73817019066D}"
EndProject
Project("{2150E333-8FDC-42A3-9474-1A3956D46DE8}") = "Infrastructure", "Infrastructure", "{C03B0EA0-86D1-47CB-BA32-646F7BFD3605}"
EndProject
Project("{2150E333-8FDC-42A3-9474-1A3956D46DE8}") = "Application", "Application", "{A52FC50D-A386-4277-A2B1-69B89E058445}"
EndProject
Project("{FAE04EC0-301F-11D3-BF4B-00C04F79EFBC}") = "Summary.Common.EFCore", "Summary.Common.EFCore\Summary.Common.EFCore.csproj", "{BC7D41E5-AE20-4F37-92C3-2B58E5C8CF5D}"
EndProject
Project("{FAE04EC0-301F-11D3-BF4B-00C04F79EFBC}") = "Summary.Domain", "Summary.Domain\Summary.Domain.csproj", "{5C27B583-1633-4E06-9DA6-D7CC0CCA2B6D}"
EndProject
Project("{FAE04EC0-301F-11D3-BF4B-00C04F79EFBC}") = "Summary.Common", "Summary.Common\Summary.Common.csproj", "{9988AE5F-1AEA-45FB-9F7B-0174DE465F6B}"
EndProject
Project("{2150E333-8FDC-42A3-9474-1A3956D46DE8}") = "Tests", "Tests", "{863431D0-8569-449E-B4FE-D5B047C14F65}"
EndProject
Project("{FAE04EC0-301F-11D3-BF4B-00C04F79EFBC}") = "UnitTest.EFCore", "UnitTest.EFCore\UnitTest.EFCore.csproj", "{2F8154BD-133C-4DAA-AB1F-70F2C7C9C44D}"
EndProject
Project("{FAE04EC0-301F-11D3-BF4B-00C04F79EFBC}") = "Summary.Common.Redis", "Summary.Common.Redis\Summary.Common.Redis.csproj", "{7DC9E47D-BB13-44C6-A15F-CA7304AACD66}"
EndProject
Project("{FAE04EC0-301F-11D3-BF4B-00C04F79EFBC}") = "UnitTest.Redis", "UnitTest.Redis\UnitTest.Redis.csproj", "{AC0CF191-A2A7-4536-9B51-4E77419712AA}"
EndProject
Project("{FAE04EC0-301F-11D3-BF4B-00C04F79EFBC}") = "Summary.Common.Core", "Summary.Common.Core\Summary.Common.Core.csproj", "{FBCCF193-255D-407B-9CF8-8F15481C0C55}"
EndProject
Project("{FAE04EC0-301F-11D3-BF4B-00C04F79EFBC}") = "Grpc.Share", "Grpc.Share\Grpc.Share.csproj", "{FA9B11F5-367C-416D-BE61-3B301856C161}"
EndProject
Project("{2150E333-8FDC-42A3-9474-1A3956D46DE8}") = "Grpc", "Grpc", "{5C844248-C621-40EA-8FFF-61D0FBC93DBF}"
EndProject
Project("{FAE04EC0-301F-11D3-BF4B-00C04F79EFBC}") = "Grpc.Test.Service", "Grpc.Test.Service\Grpc.Test.Service.csproj", "{1D7BEBF7-FF0C-4840-8787-F9F79E8DC8D7}"
EndProject
Project("{FAE04EC0-301F-11D3-BF4B-00C04F79EFBC}") = "UnitTest.Grpc", "UnitTest.Grpc\UnitTest.Grpc.csproj", "{2D201043-970F-44D3-9DE6-5E6B58960DCD}"
EndProject
Project("{FAE04EC0-301F-11D3-BF4B-00C04F79EFBC}") = "AuthenticationServer", "WebService\AuthenticationServer.csproj", "{970C54AB-0413-630A-A205-8865AEAEAA88}"
EndProject
Global
	GlobalSection(SolutionConfigurationPlatforms) = preSolution
		Debug|Any CPU = Debug|Any CPU
		Release|Any CPU = Release|Any CPU
	EndGlobalSection
	GlobalSection(ProjectConfigurationPlatforms) = postSolution
		{BC7D41E5-AE20-4F37-92C3-2B58E5C8CF5D}.Debug|Any CPU.ActiveCfg = Debug|Any CPU
		{BC7D41E5-AE20-4F37-92C3-2B58E5C8CF5D}.Debug|Any CPU.Build.0 = Debug|Any CPU
		{BC7D41E5-AE20-4F37-92C3-2B58E5C8CF5D}.Release|Any CPU.ActiveCfg = Release|Any CPU
		{BC7D41E5-AE20-4F37-92C3-2B58E5C8CF5D}.Release|Any CPU.Build.0 = Release|Any CPU
		{5C27B583-1633-4E06-9DA6-D7CC0CCA2B6D}.Debug|Any CPU.ActiveCfg = Debug|Any CPU
		{5C27B583-1633-4E06-9DA6-D7CC0CCA2B6D}.Debug|Any CPU.Build.0 = Debug|Any CPU
		{5C27B583-1633-4E06-9DA6-D7CC0CCA2B6D}.Release|Any CPU.ActiveCfg = Release|Any CPU
		{5C27B583-1633-4E06-9DA6-D7CC0CCA2B6D}.Release|Any CPU.Build.0 = Release|Any CPU
		{9988AE5F-1AEA-45FB-9F7B-0174DE465F6B}.Debug|Any CPU.ActiveCfg = Debug|Any CPU
		{9988AE5F-1AEA-45FB-9F7B-0174DE465F6B}.Debug|Any CPU.Build.0 = Debug|Any CPU
		{9988AE5F-1AEA-45FB-9F7B-0174DE465F6B}.Release|Any CPU.ActiveCfg = Release|Any CPU
		{9988AE5F-1AEA-45FB-9F7B-0174DE465F6B}.Release|Any CPU.Build.0 = Release|Any CPU
		{2F8154BD-133C-4DAA-AB1F-70F2C7C9C44D}.Debug|Any CPU.ActiveCfg = Debug|Any CPU
		{2F8154BD-133C-4DAA-AB1F-70F2C7C9C44D}.Debug|Any CPU.Build.0 = Debug|Any CPU
		{2F8154BD-133C-4DAA-AB1F-70F2C7C9C44D}.Release|Any CPU.ActiveCfg = Release|Any CPU
		{2F8154BD-133C-4DAA-AB1F-70F2C7C9C44D}.Release|Any CPU.Build.0 = Release|Any CPU
		{7DC9E47D-BB13-44C6-A15F-CA7304AACD66}.Debug|Any CPU.ActiveCfg = Debug|Any CPU
		{7DC9E47D-BB13-44C6-A15F-CA7304AACD66}.Debug|Any CPU.Build.0 = Debug|Any CPU
		{7DC9E47D-BB13-44C6-A15F-CA7304AACD66}.Release|Any CPU.ActiveCfg = Release|Any CPU
		{7DC9E47D-BB13-44C6-A15F-CA7304AACD66}.Release|Any CPU.Build.0 = Release|Any CPU
		{AC0CF191-A2A7-4536-9B51-4E77419712AA}.Debug|Any CPU.ActiveCfg = Debug|Any CPU
		{AC0CF191-A2A7-4536-9B51-4E77419712AA}.Debug|Any CPU.Build.0 = Debug|Any CPU
		{AC0CF191-A2A7-4536-9B51-4E77419712AA}.Release|Any CPU.ActiveCfg = Release|Any CPU
		{AC0CF191-A2A7-4536-9B51-4E77419712AA}.Release|Any CPU.Build.0 = Release|Any CPU
		{FBCCF193-255D-407B-9CF8-8F15481C0C55}.Debug|Any CPU.ActiveCfg = Debug|Any CPU
		{FBCCF193-255D-407B-9CF8-8F15481C0C55}.Debug|Any CPU.Build.0 = Debug|Any CPU
		{FBCCF193-255D-407B-9CF8-8F15481C0C55}.Release|Any CPU.ActiveCfg = Release|Any CPU
		{FBCCF193-255D-407B-9CF8-8F15481C0C55}.Release|Any CPU.Build.0 = Release|Any CPU
		{FA9B11F5-367C-416D-BE61-3B301856C161}.Debug|Any CPU.ActiveCfg = Debug|Any CPU
		{FA9B11F5-367C-416D-BE61-3B301856C161}.Debug|Any CPU.Build.0 = Debug|Any CPU
		{FA9B11F5-367C-416D-BE61-3B301856C161}.Release|Any CPU.ActiveCfg = Release|Any CPU
		{FA9B11F5-367C-416D-BE61-3B301856C161}.Release|Any CPU.Build.0 = Release|Any CPU
		{1D7BEBF7-FF0C-4840-8787-F9F79E8DC8D7}.Debug|Any CPU.ActiveCfg = Debug|Any CPU
		{1D7BEBF7-FF0C-4840-8787-F9F79E8DC8D7}.Debug|Any CPU.Build.0 = Debug|Any CPU
		{1D7BEBF7-FF0C-4840-8787-F9F79E8DC8D7}.Release|Any CPU.ActiveCfg = Release|Any CPU
		{1D7BEBF7-FF0C-4840-8787-F9F79E8DC8D7}.Release|Any CPU.Build.0 = Release|Any CPU
		{2D201043-970F-44D3-9DE6-5E6B58960DCD}.Debug|Any CPU.ActiveCfg = Debug|Any CPU
		{2D201043-970F-44D3-9DE6-5E6B58960DCD}.Debug|Any CPU.Build.0 = Debug|Any CPU
		{2D201043-970F-44D3-9DE6-5E6B58960DCD}.Release|Any CPU.ActiveCfg = Release|Any CPU
		{2D201043-970F-44D3-9DE6-5E6B58960DCD}.Release|Any CPU.Build.0 = Release|Any CPU
		{970C54AB-0413-630A-A205-8865AEAEAA88}.Debug|Any CPU.ActiveCfg = Debug|Any CPU
		{970C54AB-0413-630A-A205-8865AEAEAA88}.Debug|Any CPU.Build.0 = Debug|Any CPU
		{970C54AB-0413-630A-A205-8865AEAEAA88}.Release|Any CPU.ActiveCfg = Release|Any CPU
		{970C54AB-0413-630A-A205-8865AEAEAA88}.Release|Any CPU.Build.0 = Release|Any CPU
	EndGlobalSection
	GlobalSection(SolutionProperties) = preSolution
		HideSolutionNode = FALSE
	EndGlobalSection
	GlobalSection(NestedProjects) = preSolution
		{F5ECC739-3C60-4018-A558-73817019066D} = {02EA681E-C7D8-13C7-8484-4AC65E1B71E8}
		{C03B0EA0-86D1-47CB-BA32-646F7BFD3605} = {02EA681E-C7D8-13C7-8484-4AC65E1B71E8}
		{A52FC50D-A386-4277-A2B1-69B89E058445} = {02EA681E-C7D8-13C7-8484-4AC65E1B71E8}
		{BC7D41E5-AE20-4F37-92C3-2B58E5C8CF5D} = {C03B0EA0-86D1-47CB-BA32-646F7BFD3605}
		{5C27B583-1633-4E06-9DA6-D7CC0CCA2B6D} = {F5ECC739-3C60-4018-A558-73817019066D}
		{9988AE5F-1AEA-45FB-9F7B-0174DE465F6B} = {F5ECC739-3C60-4018-A558-73817019066D}
		{863431D0-8569-449E-B4FE-D5B047C14F65} = {02EA681E-C7D8-13C7-8484-4AC65E1B71E8}
		{2F8154BD-133C-4DAA-AB1F-70F2C7C9C44D} = {863431D0-8569-449E-B4FE-D5B047C14F65}
		{7DC9E47D-BB13-44C6-A15F-CA7304AACD66} = {C03B0EA0-86D1-47CB-BA32-646F7BFD3605}
		{AC0CF191-A2A7-4536-9B51-4E77419712AA} = {863431D0-8569-449E-B4FE-D5B047C14F65}
		{FBCCF193-255D-407B-9CF8-8F15481C0C55} = {F5ECC739-3C60-4018-A558-73817019066D}
		{FA9B11F5-367C-416D-BE61-3B301856C161} = {C03B0EA0-86D1-47CB-BA32-646F7BFD3605}
		{5C844248-C621-40EA-8FFF-61D0FBC93DBF} = {863431D0-8569-449E-B4FE-D5B047C14F65}
		{1D7BEBF7-FF0C-4840-8787-F9F79E8DC8D7} = {5C844248-C621-40EA-8FFF-61D0FBC93DBF}
		{2D201043-970F-44D3-9DE6-5E6B58960DCD} = {5C844248-C621-40EA-8FFF-61D0FBC93DBF}
		{970C54AB-0413-630A-A205-8865AEAEAA88} = {A52FC50D-A386-4277-A2B1-69B89E058445}
	EndGlobalSection
	GlobalSection(ExtensibilityGlobals) = postSolution
		SolutionGuid = {289CAC47-6C1D-4ACD-9237-52EA050ED410}
	EndGlobalSection
EndGlobal
